PODS:
  - Alamofire (4.9.1)
  - SDWebImage (5.2.2):
    - SDWebImage/Core (= 5.2.2)
  - SDWebImage/Core (5.2.2)

DEPENDENCIES:
  - Alamofire
  - SDWebImage (~> 5.0)

SPEC REPOS:
  trunk:
    - Alamofire
    - SDWebImage

SPEC CHECKSUMS:
  Alamofire: 85e8a02c69d6020a0d734f6054870d7ecb75cf18
  SDWebImage: 5fcdb02cc35e05fc35791ec514b191d27189f872

PODFILE CHECKSUM: f9f9fa3758b39551d027d1c6b7a4a7b32904a0b6

COCOAPODS: 1.8.3
