// !$*UTF8*$!
{
	archiveVersion = 1;
	classes = {
	};
	objectVersion = 51;
	objects = {

/* Begin PBXBuildFile section */
		9B33F9AE2DB62028C7039EA5 /* Pods_TrendyTests.framework in Frameworks */ = {isa = PBXBuildFile; fileRef = 56702166929615E870F1371C /* Pods_TrendyTests.framework */; };
		CC0B89F723793568004E233D /* StringExtensions.swift in Sources */ = {isa = PBXBuildFile; fileRef = CC0B89F623793568004E233D /* StringExtensions.swift */; };
		CC17A9432379DE5100EC6DE6 /* VideoPlaylistLauncher.swift in Sources */ = {isa = PBXBuildFile; fileRef = CC17A9422379DE5100EC6DE6 /* VideoPlaylistLauncher.swift */; };
		CC439C6423764A5000D67F91 /* PushAnimator.swift in Sources */ = {isa = PBXBuildFile; fileRef = CC439C6323764A5000D67F91 /* PushAnimator.swift */; };
		CC439C6623764A5900D67F91 /* PopAnimator.swift in Sources */ = {isa = PBXBuildFile; fileRef = CC439C6523764A5900D67F91 /* PopAnimator.swift */; };
		CC439C6C23764E9200D67F91 /* HomeViewController.swift in Sources */ = {isa = PBXBuildFile; fileRef = CC439C6B23764E9200D67F91 /* HomeViewController.swift */; };
		CC74E2CD2377BBF80088DF16 /* VideoTableViewCell.swift in Sources */ = {isa = PBXBuildFile; fileRef = CC74E2CC2377BBF80088DF16 /* VideoTableViewCell.swift */; };
		CC90ACBF2378F868002B2035 /* VideoViewController.swift in Sources */ = {isa = PBXBuildFile; fileRef = CC90ACBE2378F868002B2035 /* VideoViewController.swift */; };
		CCDDF99123761004000D3444 /* AppDelegate.swift in Sources */ = {isa = PBXBuildFile; fileRef = CCDDF99023761004000D3444 /* AppDelegate.swift */; };
		CCDDF99623761004000D3444 /* Main.storyboard in Resources */ = {isa = PBXBuildFile; fileRef = CCDDF99423761004000D3444 /* Main.storyboard */; };
		CCDDF99823761005000D3444 /* Assets.xcassets in Resources */ = {isa = PBXBuildFile; fileRef = CCDDF99723761005000D3444 /* Assets.xcassets */; };
		CCDDF99B23761005000D3444 /* LaunchScreen.storyboard in Resources */ = {isa = PBXBuildFile; fileRef = CCDDF99923761005000D3444 /* LaunchScreen.storyboard */; };
		CCDDF9A623761005000D3444 /* TrendyTests.swift in Sources */ = {isa = PBXBuildFile; fileRef = CCDDF9A523761005000D3444 /* TrendyTests.swift */; };
		CCDDF9B12376105A000D3444 /* NetworkRouter.swift in Sources */ = {isa = PBXBuildFile; fileRef = CCDDF9B02376105A000D3444 /* NetworkRouter.swift */; };
		CCDE576C23772F0B00649D48 /* Video.swift in Sources */ = {isa = PBXBuildFile; fileRef = CCDE576B23772F0B00649D48 /* Video.swift */; };
		CCDE576E2377326500649D48 /* VideoLikeDelegate.swift in Sources */ = {isa = PBXBuildFile; fileRef = CCDE576D2377326500649D48 /* VideoLikeDelegate.swift */; };
		CCDE5772237742E200649D48 /* Defaults.swift in Sources */ = {isa = PBXBuildFile; fileRef = CCDE5771237742E200649D48 /* Defaults.swift */; };
		CCDE5778237755DA00649D48 /* HomeViewModel.swift in Sources */ = {isa = PBXBuildFile; fileRef = CCDE5777237755DA00649D48 /* HomeViewModel.swift */; };
		D2A5A5A94C5613BC1A73D9B1 /* Pods_Trendy.framework in Frameworks */ = {isa = PBXBuildFile; fileRef = AA02AB777F1642FD6710A848 /* Pods_Trendy.framework */; };
/* End PBXBuildFile section */

/* Begin PBXContainerItemProxy section */
		CCDDF9A223761005000D3444 /* PBXContainerItemProxy */ = {
			isa = PBXContainerItemProxy;
			containerPortal = CCDDF98523761004000D3444 /* Project object */;
			proxyType = 1;
			remoteGlobalIDString = CCDDF98C23761004000D3444;
			remoteInfo = Trendy;
		};
/* End PBXContainerItemProxy section */

/* Begin PBXFileReference section */
		56702166929615E870F1371C /* Pods_TrendyTests.framework */ = {isa = PBXFileReference; explicitFileType = wrapper.framework; includeInIndex = 0; path = Pods_TrendyTests.framework; sourceTree = BUILT_PRODUCTS_DIR; };
		95CC68C99C4D84E9D23C989D /* Pods-TrendyTests.release.xcconfig */ = {isa = PBXFileReference; includeInIndex = 1; lastKnownFileType = text.xcconfig; name = "Pods-TrendyTests.release.xcconfig"; path = "Target Support Files/Pods-TrendyTests/Pods-TrendyTests.release.xcconfig"; sourceTree = "<group>"; };
		AA02AB777F1642FD6710A848 /* Pods_Trendy.framework */ = {isa = PBXFileReference; explicitFileType = wrapper.framework; includeInIndex = 0; path = Pods_Trendy.framework; sourceTree = BUILT_PRODUCTS_DIR; };
		CC0B89F623793568004E233D /* StringExtensions.swift */ = {isa = PBXFileReference; lastKnownFileType = sourcecode.swift; path = StringExtensions.swift; sourceTree = "<group>"; };
		CC17A9422379DE5100EC6DE6 /* VideoPlaylistLauncher.swift */ = {isa = PBXFileReference; lastKnownFileType = sourcecode.swift; path = VideoPlaylistLauncher.swift; sourceTree = "<group>"; };
		CC439C6323764A5000D67F91 /* PushAnimator.swift */ = {isa = PBXFileReference; lastKnownFileType = sourcecode.swift; path = PushAnimator.swift; sourceTree = "<group>"; };
		CC439C6523764A5900D67F91 /* PopAnimator.swift */ = {isa = PBXFileReference; lastKnownFileType = sourcecode.swift; path = PopAnimator.swift; sourceTree = "<group>"; };
		CC439C6B23764E9200D67F91 /* HomeViewController.swift */ = {isa = PBXFileReference; lastKnownFileType = sourcecode.swift; path = HomeViewController.swift; sourceTree = "<group>"; };
		CC74E2CC2377BBF80088DF16 /* VideoTableViewCell.swift */ = {isa = PBXFileReference; lastKnownFileType = sourcecode.swift; path = VideoTableViewCell.swift; sourceTree = "<group>"; };
		CC90ACBE2378F868002B2035 /* VideoViewController.swift */ = {isa = PBXFileReference; lastKnownFileType = sourcecode.swift; path = VideoViewController.swift; sourceTree = "<group>"; };
		CCDDF98D23761004000D3444 /* Trendy.app */ = {isa = PBXFileReference; explicitFileType = wrapper.application; includeInIndex = 0; path = Trendy.app; sourceTree = BUILT_PRODUCTS_DIR; };
		CCDDF99023761004000D3444 /* AppDelegate.swift */ = {isa = PBXFileReference; lastKnownFileType = sourcecode.swift; path = AppDelegate.swift; sourceTree = "<group>"; };
		CCDDF99523761004000D3444 /* Base */ = {isa = PBXFileReference; lastKnownFileType = file.storyboard; name = Base; path = Base.lproj/Main.storyboard; sourceTree = "<group>"; };
		CCDDF99723761005000D3444 /* Assets.xcassets */ = {isa = PBXFileReference; lastKnownFileType = folder.assetcatalog; path = Assets.xcassets; sourceTree = "<group>"; };
		CCDDF99A23761005000D3444 /* Base */ = {isa = PBXFileReference; lastKnownFileType = file.storyboard; name = Base; path = Base.lproj/LaunchScreen.storyboard; sourceTree = "<group>"; };
		CCDDF99C23761005000D3444 /* Info.plist */ = {isa = PBXFileReference; lastKnownFileType = text.plist.xml; path = Info.plist; sourceTree = "<group>"; };
		CCDDF9A123761005000D3444 /* TrendyTests.xctest */ = {isa = PBXFileReference; explicitFileType = wrapper.cfbundle; includeInIndex = 0; path = TrendyTests.xctest; sourceTree = BUILT_PRODUCTS_DIR; };
		CCDDF9A523761005000D3444 /* TrendyTests.swift */ = {isa = PBXFileReference; lastKnownFileType = sourcecode.swift; path = TrendyTests.swift; sourceTree = "<group>"; };
		CCDDF9A723761006000D3444 /* Info.plist */ = {isa = PBXFileReference; lastKnownFileType = text.plist.xml; path = Info.plist; sourceTree = "<group>"; };
		CCDDF9B02376105A000D3444 /* NetworkRouter.swift */ = {isa = PBXFileReference; lastKnownFileType = sourcecode.swift; path = NetworkRouter.swift; sourceTree = "<group>"; };
		CCDE576B23772F0B00649D48 /* Video.swift */ = {isa = PBXFileReference; lastKnownFileType = sourcecode.swift; path = Video.swift; sourceTree = "<group>"; };
		CCDE576D2377326500649D48 /* VideoLikeDelegate.swift */ = {isa = PBXFileReference; lastKnownFileType = sourcecode.swift; path = VideoLikeDelegate.swift; sourceTree = "<group>"; };
		CCDE5771237742E200649D48 /* Defaults.swift */ = {isa = PBXFileReference; lastKnownFileType = sourcecode.swift; path = Defaults.swift; sourceTree = "<group>"; };
		CCDE5777237755DA00649D48 /* HomeViewModel.swift */ = {isa = PBXFileReference; lastKnownFileType = sourcecode.swift; name = HomeViewModel.swift; path = ../HomeViewModel.swift; sourceTree = "<group>"; };
		D17626640E1662A00EA2406E /* Pods-Trendy.release.xcconfig */ = {isa = PBXFileReference; includeInIndex = 1; lastKnownFileType = text.xcconfig; name = "Pods-Trendy.release.xcconfig"; path = "Target Support Files/Pods-Trendy/Pods-Trendy.release.xcconfig"; sourceTree = "<group>"; };
		E65AC51D39DED046C0BFF8C5 /* Pods-Trendy.debug.xcconfig */ = {isa = PBXFileReference; includeInIndex = 1; lastKnownFileType = text.xcconfig; name = "Pods-Trendy.debug.xcconfig"; path = "Target Support Files/Pods-Trendy/Pods-Trendy.debug.xcconfig"; sourceTree = "<group>"; };
		E9A38244B616DC41770B6417 /* Pods-TrendyTests.debug.xcconfig */ = {isa = PBXFileReference; includeInIndex = 1; lastKnownFileType = text.xcconfig; name = "Pods-TrendyTests.debug.xcconfig"; path = "Target Support Files/Pods-TrendyTests/Pods-TrendyTests.debug.xcconfig"; sourceTree = "<group>"; };
/* End PBXFileReference section */

/* Begin PBXFrameworksBuildPhase section */
		CCDDF98A23761004000D3444 /* Frameworks */ = {
			isa = PBXFrameworksBuildPhase;
			buildActionMask = 2147483647;
			files = (
				D2A5A5A94C5613BC1A73D9B1 /* Pods_Trendy.framework in Frameworks */,
			);
			runOnlyForDeploymentPostprocessing = 0;
		};
		CCDDF99E23761005000D3444 /* Frameworks */ = {
			isa = PBXFrameworksBuildPhase;
			buildActionMask = 2147483647;
			files = (
				9B33F9AE2DB62028C7039EA5 /* Pods_TrendyTests.framework in Frameworks */,
			);
			runOnlyForDeploymentPostprocessing = 0;
		};
/* End PBXFrameworksBuildPhase section */

/* Begin PBXGroup section */
		BB4BC7B8B370E96CB03659F9 /* Pods */ = {
			isa = PBXGroup;
			children = (
				E65AC51D39DED046C0BFF8C5 /* Pods-Trendy.debug.xcconfig */,
				D17626640E1662A00EA2406E /* Pods-Trendy.release.xcconfig */,
				E9A38244B616DC41770B6417 /* Pods-TrendyTests.debug.xcconfig */,
				95CC68C99C4D84E9D23C989D /* Pods-TrendyTests.release.xcconfig */,
			);
			path = Pods;
			sourceTree = "<group>";
		};
		CCD3A06D23779ECF00E93009 /* ViewModel */ = {
			isa = PBXGroup;
			children = (
				CCDE5777237755DA00649D48 /* HomeViewModel.swift */,
			);
			path = ViewModel;
			sourceTree = "<group>";
		};
		CCDDF98423761004000D3444 = {
			isa = PBXGroup;
			children = (
				CCDDF98F23761004000D3444 /* Trendy */,
				CCDDF9A423761005000D3444 /* TrendyTests */,
				CCDDF98E23761004000D3444 /* Products */,
				BB4BC7B8B370E96CB03659F9 /* Pods */,
				DE6F0D4A3ED40081579D0A49 /* Frameworks */,
			);
			sourceTree = "<group>";
		};
		CCDDF98E23761004000D3444 /* Products */ = {
			isa = PBXGroup;
			children = (
				CCDDF98D23761004000D3444 /* Trendy.app */,
				CCDDF9A123761005000D3444 /* TrendyTests.xctest */,
			);
			name = Products;
			sourceTree = "<group>";
		};
		CCDDF98F23761004000D3444 /* Trendy */ = {
			isa = PBXGroup;
			children = (
				CCDE577423774A9400649D48 /* Model */,
				CCD3A06D23779ECF00E93009 /* ViewModel */,
				CCDE577623774BB200649D48 /* View */,
				CCDE577523774AB800649D48 /* Controller */,
				CCDE577323774A5A00649D48 /* Resources */,
				CCDDF9B02376105A000D3444 /* NetworkRouter.swift */,
				CCDE5771237742E200649D48 /* Defaults.swift */,
				CCDE576D2377326500649D48 /* VideoLikeDelegate.swift */,
				CC439C6323764A5000D67F91 /* PushAnimator.swift */,
				CC439C6523764A5900D67F91 /* PopAnimator.swift */,
			);
			path = Trendy;
			sourceTree = "<group>";
		};
		CCDDF9A423761005000D3444 /* TrendyTests */ = {
			isa = PBXGroup;
			children = (
				CCDDF9A523761005000D3444 /* TrendyTests.swift */,
				CCDDF9A723761006000D3444 /* Info.plist */,
			);
			path = TrendyTests;
			sourceTree = "<group>";
		};
		CCDE577323774A5A00649D48 /* Resources */ = {
			isa = PBXGroup;
			children = (
				CCDDF99023761004000D3444 /* AppDelegate.swift */,
				CC0B89F623793568004E233D /* StringExtensions.swift */,
				CCDDF99723761005000D3444 /* Assets.xcassets */,
				CCDDF99C23761005000D3444 /* Info.plist */,
			);
			path = Resources;
			sourceTree = "<group>";
		};
		CCDE577423774A9400649D48 /* Model */ = {
			isa = PBXGroup;
			children = (
				CCDE576B23772F0B00649D48 /* Video.swift */,
			);
			path = Model;
			sourceTree = "<group>";
		};
		CCDE577523774AB800649D48 /* Controller */ = {
			isa = PBXGroup;
			children = (
				CC439C6B23764E9200D67F91 /* HomeViewController.swift */,
				CC90ACBE2378F868002B2035 /* VideoViewController.swift */,
			);
			path = Controller;
			sourceTree = "<group>";
		};
		CCDE577623774BB200649D48 /* View */ = {
			isa = PBXGroup;
			children = (
				CC74E2CC2377BBF80088DF16 /* VideoTableViewCell.swift */,
				CC17A9422379DE5100EC6DE6 /* VideoPlaylistLauncher.swift */,
				CCDDF99423761004000D3444 /* Main.storyboard */,
				CCDDF99923761005000D3444 /* LaunchScreen.storyboard */,
			);
			path = View;
			sourceTree = "<group>";
		};
		DE6F0D4A3ED40081579D0A49 /* Frameworks */ = {
			isa = PBXGroup;
			children = (
				AA02AB777F1642FD6710A848 /* Pods_Trendy.framework */,
				56702166929615E870F1371C /* Pods_TrendyTests.framework */,
			);
			name = Frameworks;
			sourceTree = "<group>";
		};
/* End PBXGroup section */

/* Begin PBXNativeTarget section */
		CCDDF98C23761004000D3444 /* Trendy */ = {
			isa = PBXNativeTarget;
			buildConfigurationList = CCDDF9AA23761006000D3444 /* Build configuration list for PBXNativeTarget "Trendy" */;
			buildPhases = (
				828D02E0CEE5A4ADFF6E307C /* [CP] Check Pods Manifest.lock */,
				CCDDF98923761004000D3444 /* Sources */,
				CCDDF98A23761004000D3444 /* Frameworks */,
				CCDDF98B23761004000D3444 /* Resources */,
				AC071790691BB55A824CAC09 /* [CP] Embed Pods Frameworks */,
			);
			buildRules = (
			);
			dependencies = (
			);
			name = Trendy;
			productName = Trendy;
			productReference = CCDDF98D23761004000D3444 /* Trendy.app */;
			productType = "com.apple.product-type.application";
		};
		CCDDF9A023761005000D3444 /* TrendyTests */ = {
			isa = PBXNativeTarget;
			buildConfigurationList = CCDDF9AD23761006000D3444 /* Build configuration list for PBXNativeTarget "TrendyTests" */;
			buildPhases = (
				FC730438F52085B5B738C5A5 /* [CP] Check Pods Manifest.lock */,
				CCDDF99D23761005000D3444 /* Sources */,
				CCDDF99E23761005000D3444 /* Frameworks */,
				CCDDF99F23761005000D3444 /* Resources */,
				17747E28EB0CB615847D9031 /* [CP] Embed Pods Frameworks */,
			);
			buildRules = (
			);
			dependencies = (
				CCDDF9A323761005000D3444 /* PBXTargetDependency */,
			);
			name = TrendyTests;
			productName = TrendyTests;
			productReference = CCDDF9A123761005000D3444 /* TrendyTests.xctest */;
			productType = "com.apple.product-type.bundle.unit-test";
		};
/* End PBXNativeTarget section */

/* Begin PBXProject section */
		CCDDF98523761004000D3444 /* Project object */ = {
			isa = PBXProject;
			attributes = {
				LastSwiftUpdateCheck = 1030;
				LastUpgradeCheck = 1030;
				ORGANIZATIONNAME = eashirarafat;
				TargetAttributes = {
					CCDDF98C23761004000D3444 = {
						CreatedOnToolsVersion = 10.3;
					};
					CCDDF9A023761005000D3444 = {
						CreatedOnToolsVersion = 10.3;
						TestTargetID = CCDDF98C23761004000D3444;
					};
				};
			};
			buildConfigurationList = CCDDF98823761004000D3444 /* Build configuration list for PBXProject "Trendy" */;
			compatibilityVersion = "Xcode 9.3";
			developmentRegion = en;
			hasScannedForEncodings = 0;
			knownRegions = (
				en,
				Base,
			);
			mainGroup = CCDDF98423761004000D3444;
			productRefGroup = CCDDF98E23761004000D3444 /* Products */;
			projectDirPath = "";
			projectRoot = "";
			targets = (
				CCDDF98C23761004000D3444 /* Trendy */,
				CCDDF9A023761005000D3444 /* TrendyTests */,
			);
		};
/* End PBXProject section */

/* Begin PBXResourcesBuildPhase section */
		CCDDF98B23761004000D3444 /* Resources */ = {
			isa = PBXResourcesBuildPhase;
			buildActionMask = 2147483647;
			files = (
				CCDDF99B23761005000D3444 /* LaunchScreen.storyboard in Resources */,
				CCDDF99823761005000D3444 /* Assets.xcassets in Resources */,
				CCDDF99623761004000D3444 /* Main.storyboard in Resources */,
			);
			runOnlyForDeploymentPostprocessing = 0;
		};
		CCDDF99F23761005000D3444 /* Resources */ = {
			isa = PBXResourcesBuildPhase;
			buildActionMask = 2147483647;
			files = (
			);
			runOnlyForDeploymentPostprocessing = 0;
		};
/* End PBXResourcesBuildPhase section */

/* Begin PBXShellScriptBuildPhase section */
		17747E28EB0CB615847D9031 /* [CP] Embed Pods Frameworks */ = {
			isa = PBXShellScriptBuildPhase;
			buildActionMask = 2147483647;
			files = (
			);
			inputFileListPaths = (
				"${PODS_ROOT}/Target Support Files/Pods-TrendyTests/Pods-TrendyTests-frameworks-${CONFIGURATION}-input-files.xcfilelist",
			);
			name = "[CP] Embed Pods Frameworks";
			outputFileListPaths = (
				"${PODS_ROOT}/Target Support Files/Pods-TrendyTests/Pods-TrendyTests-frameworks-${CONFIGURATION}-output-files.xcfilelist",
			);
			runOnlyForDeploymentPostprocessing = 0;
			shellPath = /bin/sh;
			shellScript = "\"${PODS_ROOT}/Target Support Files/Pods-TrendyTests/Pods-TrendyTests-frameworks.sh\"\n";
			showEnvVarsInLog = 0;
		};
		828D02E0CEE5A4ADFF6E307C /* [CP] Check Pods Manifest.lock */ = {
			isa = PBXShellScriptBuildPhase;
			buildActionMask = 2147483647;
			files = (
			);
			inputFileListPaths = (
			);
			inputPaths = (
				"${PODS_PODFILE_DIR_PATH}/Podfile.lock",
				"${PODS_ROOT}/Manifest.lock",
			);
			name = "[CP] Check Pods Manifest.lock";
			outputFileListPaths = (
			);
			outputPaths = (
				"$(DERIVED_FILE_DIR)/Pods-Trendy-checkManifestLockResult.txt",
			);
			runOnlyForDeploymentPostprocessing = 0;
			shellPath = /bin/sh;
			shellScript = "diff \"${PODS_PODFILE_DIR_PATH}/Podfile.lock\" \"${PODS_ROOT}/Manifest.lock\" > /dev/null\nif [ $? != 0 ] ; then\n    # print error to STDERR\n    echo \"error: The sandbox is not in sync with the Podfile.lock. Run 'pod install' or update your CocoaPods installation.\" >&2\n    exit 1\nfi\n# This output is used by Xcode 'outputs' to avoid re-running this script phase.\necho \"SUCCESS\" > \"${SCRIPT_OUTPUT_FILE_0}\"\n";
			showEnvVarsInLog = 0;
		};
		AC071790691BB55A824CAC09 /* [CP] Embed Pods Frameworks */ = {
			isa = PBXShellScriptBuildPhase;
			buildActionMask = 2147483647;
			files = (
			);
			inputFileListPaths = (
				"${PODS_ROOT}/Target Support Files/Pods-Trendy/Pods-Trendy-frameworks-${CONFIGURATION}-input-files.xcfilelist",
			);
			name = "[CP] Embed Pods Frameworks";
			outputFileListPaths = (
				"${PODS_ROOT}/Target Support Files/Pods-Trendy/Pods-Trendy-frameworks-${CONFIGURATION}-output-files.xcfilelist",
			);
			runOnlyForDeploymentPostprocessing = 0;
			shellPath = /bin/sh;
			shellScript = "\"${PODS_ROOT}/Target Support Files/Pods-Trendy/Pods-Trendy-frameworks.sh\"\n";
			showEnvVarsInLog = 0;
		};
		FC730438F52085B5B738C5A5 /* [CP] Check Pods Manifest.lock */ = {
			isa = PBXShellScriptBuildPhase;
			buildActionMask = 2147483647;
			files = (
			);
			inputFileListPaths = (
			);
			inputPaths = (
				"${PODS_PODFILE_DIR_PATH}/Podfile.lock",
				"${PODS_ROOT}/Manifest.lock",
			);
			name = "[CP] Check Pods Manifest.lock";
			outputFileListPaths = (
			);
			outputPaths = (
				"$(DERIVED_FILE_DIR)/Pods-TrendyTests-checkManifestLockResult.txt",
			);
			runOnlyForDeploymentPostprocessing = 0;
			shellPath = /bin/sh;
			shellScript = "diff \"${PODS_PODFILE_DIR_PATH}/Podfile.lock\" \"${PODS_ROOT}/Manifest.lock\" > /dev/null\nif [ $? != 0 ] ; then\n    # print error to STDERR\n    echo \"error: The sandbox is not in sync with the Podfile.lock. Run 'pod install' or update your CocoaPods installation.\" >&2\n    exit 1\nfi\n# This output is used by Xcode 'outputs' to avoid re-running this script phase.\necho \"SUCCESS\" > \"${SCRIPT_OUTPUT_FILE_0}\"\n";
			showEnvVarsInLog = 0;
		};
/* End PBXShellScriptBuildPhase section */

/* Begin PBXSourcesBuildPhase section */
		CCDDF98923761004000D3444 /* Sources */ = {
			isa = PBXSourcesBuildPhase;
			buildActionMask = 2147483647;
			files = (
				CC439C6623764A5900D67F91 /* PopAnimator.swift in Sources */,
				CCDE576E2377326500649D48 /* VideoLikeDelegate.swift in Sources */,
				CCDE5778237755DA00649D48 /* HomeViewModel.swift in Sources */,
				CCDDF99123761004000D3444 /* AppDelegate.swift in Sources */,
				CCDDF9B12376105A000D3444 /* NetworkRouter.swift in Sources */,
				CC439C6423764A5000D67F91 /* PushAnimator.swift in Sources */,
				CCDE5772237742E200649D48 /* Defaults.swift in Sources */,
				CCDE576C23772F0B00649D48 /* Video.swift in Sources */,
				CC17A9432379DE5100EC6DE6 /* VideoPlaylistLauncher.swift in Sources */,
				CC90ACBF2378F868002B2035 /* VideoViewController.swift in Sources */,
				CC439C6C23764E9200D67F91 /* HomeViewController.swift in Sources */,
				CC74E2CD2377BBF80088DF16 /* VideoTableViewCell.swift in Sources */,
				CC0B89F723793568004E233D /* StringExtensions.swift in Sources */,
			);
			runOnlyForDeploymentPostprocessing = 0;
		};
		CCDDF99D23761005000D3444 /* Sources */ = {
			isa = PBXSourcesBuildPhase;
			buildActionMask = 2147483647;
			files = (
				CCDDF9A623761005000D3444 /* TrendyTests.swift in Sources */,
			);
			runOnlyForDeploymentPostprocessing = 0;
		};
/* End PBXSourcesBuildPhase section */

/* Begin PBXTargetDependency section */
		CCDDF9A323761005000D3444 /* PBXTargetDependency */ = {
			isa = PBXTargetDependency;
			target = CCDDF98C23761004000D3444 /* Trendy */;
			targetProxy = CCDDF9A223761005000D3444 /* PBXContainerItemProxy */;
		};
/* End PBXTargetDependency section */

/* Begin PBXVariantGroup section */
		CCDDF99423761004000D3444 /* Main.storyboard */ = {
			isa = PBXVariantGroup;
			children = (
				CCDDF99523761004000D3444 /* Base */,
			);
			name = Main.storyboard;
			sourceTree = "<group>";
		};
		CCDDF99923761005000D3444 /* LaunchScreen.storyboard */ = {
			isa = PBXVariantGroup;
			children = (
				CCDDF99A23761005000D3444 /* Base */,
			);
			name = LaunchScreen.storyboard;
			sourceTree = "<group>";
		};
/* End PBXVariantGroup section */

/* Begin XCBuildConfiguration section */
		CCDDF9A823761006000D3444 /* Debug */ = {
			isa = XCBuildConfiguration;
			buildSettings = {
				ALWAYS_SEARCH_USER_PATHS = NO;
				CLANG_ANALYZER_NONNULL = YES;
				CLANG_ANALYZER_NUMBER_OBJECT_CONVERSION = YES_AGGRESSIVE;
				CLANG_CXX_LANGUAGE_STANDARD = "gnu++14";
				CLANG_CXX_LIBRARY = "libc++";
				CLANG_ENABLE_MODULES = YES;
				CLANG_ENABLE_OBJC_ARC = YES;
				CLANG_ENABLE_OBJC_WEAK = YES;
				CLANG_WARN_BLOCK_CAPTURE_AUTORELEASING = YES;
				CLANG_WARN_BOOL_CONVERSION = YES;
				CLANG_WARN_COMMA = YES;
				CLANG_WARN_CONSTANT_CONVERSION = YES;
				CLANG_WARN_DEPRECATED_OBJC_IMPLEMENTATIONS = YES;
				CLANG_WARN_DIRECT_OBJC_ISA_USAGE = YES_ERROR;
				CLANG_WARN_DOCUMENTATION_COMMENTS = YES;
				CLANG_WARN_EMPTY_BODY = YES;
				CLANG_WARN_ENUM_CONVERSION = YES;
				CLANG_WARN_INFINITE_RECURSION = YES;
				CLANG_WARN_INT_CONVERSION = YES;
				CLANG_WARN_NON_LITERAL_NULL_CONVERSION = YES;
				CLANG_WARN_OBJC_IMPLICIT_RETAIN_SELF = YES;
				CLANG_WARN_OBJC_LITERAL_CONVERSION = YES;
				CLANG_WARN_OBJC_ROOT_CLASS = YES_ERROR;
				CLANG_WARN_RANGE_LOOP_ANALYSIS = YES;
				CLANG_WARN_STRICT_PROTOTYPES = YES;
				CLANG_WARN_SUSPICIOUS_MOVE = YES;
				CLANG_WARN_UNGUARDED_AVAILABILITY = YES_AGGRESSIVE;
				CLANG_WARN_UNREACHABLE_CODE = YES;
				CLANG_WARN__DUPLICATE_METHOD_MATCH = YES;
				CODE_SIGN_IDENTITY = "iPhone Developer";
				COPY_PHASE_STRIP = NO;
				DEBUG_INFORMATION_FORMAT = dwarf;
				ENABLE_STRICT_OBJC_MSGSEND = YES;
				ENABLE_TESTABILITY = YES;
				GCC_C_LANGUAGE_STANDARD = gnu11;
				GCC_DYNAMIC_NO_PIC = NO;
				GCC_NO_COMMON_BLOCKS = YES;
				GCC_OPTIMIZATION_LEVEL = 0;
				GCC_PREPROCESSOR_DEFINITIONS = (
					"DEBUG=1",
					"$(inherited)",
				);
				GCC_WARN_64_TO_32_BIT_CONVERSION = YES;
				GCC_WARN_ABOUT_RETURN_TYPE = YES_ERROR;
				GCC_WARN_UNDECLARED_SELECTOR = YES;
				GCC_WARN_UNINITIALIZED_AUTOS = YES_AGGRESSIVE;
				GCC_WARN_UNUSED_FUNCTION = YES;
				GCC_WARN_UNUSED_VARIABLE = YES;
				IPHONEOS_DEPLOYMENT_TARGET = 12.4;
				MTL_ENABLE_DEBUG_INFO = INCLUDE_SOURCE;
				MTL_FAST_MATH = YES;
				ONLY_ACTIVE_ARCH = YES;
				SDKROOT = iphoneos;
				SWIFT_ACTIVE_COMPILATION_CONDITIONS = DEBUG;
				SWIFT_OPTIMIZATION_LEVEL = "-Onone";
			};
			name = Debug;
		};
		CCDDF9A923761006000D3444 /* Release */ = {
			isa = XCBuildConfiguration;
			buildSettings = {
				ALWAYS_SEARCH_USER_PATHS = NO;
				CLANG_ANALYZER_NONNULL = YES;
				CLANG_ANALYZER_NUMBER_OBJECT_CONVERSION = YES_AGGRESSIVE;
				CLANG_CXX_LANGUAGE_STANDARD = "gnu++14";
				CLANG_CXX_LIBRARY = "libc++";
				CLANG_ENABLE_MODULES = YES;
				CLANG_ENABLE_OBJC_ARC = YES;
				CLANG_ENABLE_OBJC_WEAK = YES;
				CLANG_WARN_BLOCK_CAPTURE_AUTORELEASING = YES;
				CLANG_WARN_BOOL_CONVERSION = YES;
				CLANG_WARN_COMMA = YES;
				CLANG_WARN_CONSTANT_CONVERSION = YES;
				CLANG_WARN_DEPRECATED_OBJC_IMPLEMENTATIONS = YES;
				CLANG_WARN_DIRECT_OBJC_ISA_USAGE = YES_ERROR;
				CLANG_WARN_DOCUMENTATION_COMMENTS = YES;
				CLANG_WARN_EMPTY_BODY = YES;
				CLANG_WARN_ENUM_CONVERSION = YES;
				CLANG_WARN_INFINITE_RECURSION = YES;
				CLANG_WARN_INT_CONVERSION = YES;
				CLANG_WARN_NON_LITERAL_NULL_CONVERSION = YES;
				CLANG_WARN_OBJC_IMPLICIT_RETAIN_SELF = YES;
				CLANG_WARN_OBJC_LITERAL_CONVERSION = YES;
				CLANG_WARN_OBJC_ROOT_CLASS = YES_ERROR;
				CLANG_WARN_RANGE_LOOP_ANALYSIS = YES;
				CLANG_WARN_STRICT_PROTOTYPES = YES;
				CLANG_WARN_SUSPICIOUS_MOVE = YES;
				CLANG_WARN_UNGUARDED_AVAILABILITY = YES_AGGRESSIVE;
				CLANG_WARN_UNREACHABLE_CODE = YES;
				CLANG_WARN__DUPLICATE_METHOD_MATCH = YES;
				CODE_SIGN_IDENTITY = "iPhone Developer";
				COPY_PHASE_STRIP = NO;
				DEBUG_INFORMATION_FORMAT = "dwarf-with-dsym";
				ENABLE_NS_ASSERTIONS = NO;
				ENABLE_STRICT_OBJC_MSGSEND = YES;
				GCC_C_LANGUAGE_STANDARD = gnu11;
				GCC_NO_COMMON_BLOCKS = YES;
				GCC_WARN_64_TO_32_BIT_CONVERSION = YES;
				GCC_WARN_ABOUT_RETURN_TYPE = YES_ERROR;
				GCC_WARN_UNDECLARED_SELECTOR = YES;
				GCC_WARN_UNINITIALIZED_AUTOS = YES_AGGRESSIVE;
				GCC_WARN_UNUSED_FUNCTION = YES;
				GCC_WARN_UNUSED_VARIABLE = YES;
				IPHONEOS_DEPLOYMENT_TARGET = 12.4;
				MTL_ENABLE_DEBUG_INFO = NO;
				MTL_FAST_MATH = YES;
				SDKROOT = iphoneos;
				SWIFT_COMPILATION_MODE = wholemodule;
				SWIFT_OPTIMIZATION_LEVEL = "-O";
				VALIDATE_PRODUCT = YES;
			};
			name = Release;
		};
		CCDDF9AB23761006000D3444 /* Debug */ = {
			isa = XCBuildConfiguration;
			baseConfigurationReference = E65AC51D39DED046C0BFF8C5 /* Pods-Trendy.debug.xcconfig */;
			buildSettings = {
				ASSETCATALOG_COMPILER_APPICON_NAME = AppIcon;
				CODE_SIGN_STYLE = Automatic;
				DEVELOPMENT_TEAM = 88EN34P563;
				INFOPLIST_FILE = "$(SRCROOT)/Trendy/Resources/Info.plist";
				IPHONEOS_DEPLOYMENT_TARGET = 12.0;
				LD_RUNPATH_SEARCH_PATHS = (
					"$(inherited)",
					"@executable_path/Frameworks",
				);
				PRODUCT_BUNDLE_IDENTIFIER = eashirarafat.Trendy;
				PRODUCT_NAME = "$(TARGET_NAME)";
				SWIFT_VERSION = 5.0;
				TARGETED_DEVICE_FAMILY = "1,2";
			};
			name = Debug;
		};
		CCDDF9AC23761006000D3444 /* Release */ = {
			isa = XCBuildConfiguration;
			baseConfigurationReference = D17626640E1662A00EA2406E /* Pods-Trendy.release.xcconfig */;
			buildSettings = {
				ASSETCATALOG_COMPILER_APPICON_NAME = AppIcon;
				CODE_SIGN_STYLE = Automatic;
				DEVELOPMENT_TEAM = 88EN34P563;
				INFOPLIST_FILE = "$(SRCROOT)/Trendy/Resources/Info.plist";
				IPHONEOS_DEPLOYMENT_TARGET = 12.0;
				LD_RUNPATH_SEARCH_PATHS = (
					"$(inherited)",
					"@executable_path/Frameworks",
				);
				PRODUCT_BUNDLE_IDENTIFIER = eashirarafat.Trendy;
				PRODUCT_NAME = "$(TARGET_NAME)";
				SWIFT_VERSION = 5.0;
				TARGETED_DEVICE_FAMILY = "1,2";
			};
			name = Release;
		};
		CCDDF9AE23761006000D3444 /* Debug */ = {
			isa = XCBuildConfiguration;
			baseConfigurationReference = E9A38244B616DC41770B6417 /* Pods-TrendyTests.debug.xcconfig */;
			buildSettings = {
				ALWAYS_EMBED_SWIFT_STANDARD_LIBRARIES = YES;
				BUNDLE_LOADER = "$(TEST_HOST)";
				CODE_SIGN_STYLE = Automatic;
				DEVELOPMENT_TEAM = 88EN34P563;
				INFOPLIST_FILE = TrendyTests/Info.plist;
				LD_RUNPATH_SEARCH_PATHS = (
					"$(inherited)",
					"@executable_path/Frameworks",
					"@loader_path/Frameworks",
				);
				PRODUCT_BUNDLE_IDENTIFIER = eashirarafat.TrendyTests;
				PRODUCT_NAME = "$(TARGET_NAME)";
				SWIFT_VERSION = 5.0;
				TARGETED_DEVICE_FAMILY = "1,2";
				TEST_HOST = "$(BUILT_PRODUCTS_DIR)/Trendy.app/Trendy";
			};
			name = Debug;
		};
		CCDDF9AF23761006000D3444 /* Release */ = {
			isa = XCBuildConfiguration;
			baseConfigurationReference = 95CC68C99C4D84E9D23C989D /* Pods-TrendyTests.release.xcconfig */;
			buildSettings = {
				ALWAYS_EMBED_SWIFT_STANDARD_LIBRARIES = YES;
				BUNDLE_LOADER = "$(TEST_HOST)";
				CODE_SIGN_STYLE = Automatic;
				DEVELOPMENT_TEAM = 88EN34P563;
				INFOPLIST_FILE = TrendyTests/Info.plist;
				LD_RUNPATH_SEARCH_PATHS = (
					"$(inherited)",
					"@executable_path/Frameworks",
					"@loader_path/Frameworks",
				);
				PRODUCT_BUNDLE_IDENTIFIER = eashirarafat.TrendyTests;
				PRODUCT_NAME = "$(TARGET_NAME)";
				SWIFT_VERSION = 5.0;
				TARGETED_DEVICE_FAMILY = "1,2";
				TEST_HOST = "$(BUILT_PRODUCTS_DIR)/Trendy.app/Trendy";
			};
			name = Release;
		};
/* End XCBuildConfiguration section */

/* Begin XCConfigurationList section */
		CCDDF98823761004000D3444 /* Build configuration list for PBXProject "Trendy" */ = {
			isa = XCConfigurationList;
			buildConfigurations = (
				CCDDF9A823761006000D3444 /* Debug */,
				CCDDF9A923761006000D3444 /* Release */,
			);
			defaultConfigurationIsVisible = 0;
			defaultConfigurationName = Release;
		};
		CCDDF9AA23761006000D3444 /* Build configuration list for PBXNativeTarget "Trendy" */ = {
			isa = XCConfigurationList;
			buildConfigurations = (
				CCDDF9AB23761006000D3444 /* Debug */,
				CCDDF9AC23761006000D3444 /* Release */,
			);
			defaultConfigurationIsVisible = 0;
			defaultConfigurationName = Release;
		};
		CCDDF9AD23761006000D3444 /* Build configuration list for PBXNativeTarget "TrendyTests" */ = {
			isa = XCConfigurationList;
			buildConfigurations = (
				CCDDF9AE23761006000D3444 /* Debug */,
				CCDDF9AF23761006000D3444 /* Release */,
			);
			defaultConfigurationIsVisible = 0;
			defaultConfigurationName = Release;
		};
/* End XCConfigurationList section */
	};
	rootObject = CCDDF98523761004000D3444 /* Project object */;
}
